// !$*UTF8*$!
{
	archiveVersion = 1;
	classes = {
	};
	objectVersion = 51;
	objects = {

/* Begin PBXBuildFile section */
		48D9C8EA8D74724C71930EC7 /* Pods_ChatAppTests.framework in Frameworks */ = {isa = PBXBuildFile; fileRef = 7140DA8EE92A2B832EDDA0A3 /* Pods_ChatAppTests.framework */; };
		A706552B16DDB66BDFFFAEE6 /* Pods_ChatApp_ChatAppUITests.framework in Frameworks */ = {isa = PBXBuildFile; fileRef = A3D31EC5440792A5A0EFA523 /* Pods_ChatApp_ChatAppUITests.framework */; };
		D427133F38A84C2D98F35379 /* Pods_ChatApp.framework in Frameworks */ = {isa = PBXBuildFile; fileRef = 55A61C3B1B81CDC255E0ADBD /* Pods_ChatApp.framework */; };
		EC96931524EBC1900077322A /* AppDelegate.swift in Sources */ = {isa = PBXBuildFile; fileRef = EC96931424EBC1900077322A /* AppDelegate.swift */; };
		EC96931924EBC1900077322A /* SignInController.swift in Sources */ = {isa = PBXBuildFile; fileRef = EC96931824EBC1900077322A /* SignInController.swift */; };
		EC96931C24EBC1900077322A /* SignIn.storyboard in Resources */ = {isa = PBXBuildFile; fileRef = EC96931A24EBC1900077322A /* SignIn.storyboard */; };
		EC96931F24EBC1900077322A /* ChatApp.xcdatamodeld in Sources */ = {isa = PBXBuildFile; fileRef = EC96931D24EBC1900077322A /* ChatApp.xcdatamodeld */; };
		EC96932124EBC1940077322A /* Assets.xcassets in Resources */ = {isa = PBXBuildFile; fileRef = EC96932024EBC1940077322A /* Assets.xcassets */; };
		EC96932424EBC1940077322A /* LaunchScreen.storyboard in Resources */ = {isa = PBXBuildFile; fileRef = EC96932224EBC1940077322A /* LaunchScreen.storyboard */; };
		EC96932F24EBC1940077322A /* ChatAppTests.swift in Sources */ = {isa = PBXBuildFile; fileRef = EC96932E24EBC1940077322A /* ChatAppTests.swift */; };
		EC96933A24EBC1940077322A /* ChatAppUITests.swift in Sources */ = {isa = PBXBuildFile; fileRef = EC96933924EBC1940077322A /* ChatAppUITests.swift */; };
		EC96934924EBC3840077322A /* UserDefaultsHelper.swift in Sources */ = {isa = PBXBuildFile; fileRef = EC96934824EBC3840077322A /* UserDefaultsHelper.swift */; };
		EC96934C24EBC9DF0077322A /* Main.storyboard in Resources */ = {isa = PBXBuildFile; fileRef = EC96934B24EBC9DF0077322A /* Main.storyboard */; };
		EC96934E24EBCAC60077322A /* Chat.storyboard in Resources */ = {isa = PBXBuildFile; fileRef = EC96934D24EBCAC60077322A /* Chat.storyboard */; };
		EC96935024EBCAD10077322A /* Profile.storyboard in Resources */ = {isa = PBXBuildFile; fileRef = EC96934F24EBCAD10077322A /* Profile.storyboard */; };
		EC96935224EBCADF0077322A /* Filter.storyboard in Resources */ = {isa = PBXBuildFile; fileRef = EC96935124EBCADF0077322A /* Filter.storyboard */; };
		EC96935524EBCD0A0077322A /* FilterController.swift in Sources */ = {isa = PBXBuildFile; fileRef = EC96935424EBCD0A0077322A /* FilterController.swift */; };
		EC96935724EBCD0C0077322A /* ChatController.swift in Sources */ = {isa = PBXBuildFile; fileRef = EC96935624EBCD0C0077322A /* ChatController.swift */; };
		EC96935924EBCD0E0077322A /* ProfileController.swift in Sources */ = {isa = PBXBuildFile; fileRef = EC96935824EBCD0E0077322A /* ProfileController.swift */; };
		EC96935B24EBCD610077322A /* TabController.swift in Sources */ = {isa = PBXBuildFile; fileRef = EC96935A24EBCD610077322A /* TabController.swift */; };
		EC96935D24EBDA750077322A /* DesignableHelper.swift in Sources */ = {isa = PBXBuildFile; fileRef = EC96935C24EBDA750077322A /* DesignableHelper.swift */; };
		EC96935F24EBDBC10077322A /* Extensions.swift in Sources */ = {isa = PBXBuildFile; fileRef = EC96935E24EBDBC10077322A /* Extensions.swift */; };
		EC96936124EBDCE80077322A /* ViewControllerExtension.swift in Sources */ = {isa = PBXBuildFile; fileRef = EC96936024EBDCE80077322A /* ViewControllerExtension.swift */; };
		EC96936424EBF1350077322A /* SearchCompaniesCell.swift in Sources */ = {isa = PBXBuildFile; fileRef = EC96936224EBF1350077322A /* SearchCompaniesCell.swift */; };
		EC96936524EBF1350077322A /* SearchCompaniesCell.xib in Resources */ = {isa = PBXBuildFile; fileRef = EC96936324EBF1350077322A /* SearchCompaniesCell.xib */; };
		ECCA6D5C24EC24060001D471 /* Company.swift in Sources */ = {isa = PBXBuildFile; fileRef = ECCA6D5B24EC24060001D471 /* Company.swift */; };
		ECCA6D6024ECFE920001D471 /* CompaniesVM.swift in Sources */ = {isa = PBXBuildFile; fileRef = ECCA6D5F24ECFE920001D471 /* CompaniesVM.swift */; };
		ECCA6D6424ED28E20001D471 /* Transaction.swift in Sources */ = {isa = PBXBuildFile; fileRef = ECCA6D6324ED28E20001D471 /* Transaction.swift */; };
		ECCA6D6624ED7B090001D471 /* RealmUtils.swift in Sources */ = {isa = PBXBuildFile; fileRef = ECCA6D6524ED7B090001D471 /* RealmUtils.swift */; };
		ECCA6D6824ED7CCC0001D471 /* DataUploader.swift in Sources */ = {isa = PBXBuildFile; fileRef = ECCA6D6724ED7CCC0001D471 /* DataUploader.swift */; };
		ECCA6D6A24EE54560001D471 /* TransactionsVM.swift in Sources */ = {isa = PBXBuildFile; fileRef = ECCA6D6924EE54560001D471 /* TransactionsVM.swift */; };
		ECCA6D6C24EE54860001D471 /* ProfileVM.swift in Sources */ = {isa = PBXBuildFile; fileRef = ECCA6D6B24EE54860001D471 /* ProfileVM.swift */; };
		ECCA6D6E24EE54C60001D471 /* ProfileDetails.swift in Sources */ = {isa = PBXBuildFile; fileRef = ECCA6D6D24EE54C60001D471 /* ProfileDetails.swift */; };
		ECCA6D7024EE58330001D471 /* Utils.swift in Sources */ = {isa = PBXBuildFile; fileRef = ECCA6D6F24EE58330001D471 /* Utils.swift */; };
		ECCA6D7324EE5EB90001D471 /* TransactionCell.swift in Sources */ = {isa = PBXBuildFile; fileRef = ECCA6D7124EE5EB90001D471 /* TransactionCell.swift */; };
		ECCA6D7424EE5EB90001D471 /* TransactionCell.xib in Resources */ = {isa = PBXBuildFile; fileRef = ECCA6D7224EE5EB90001D471 /* TransactionCell.xib */; };
		ECCA6D7624EE683A0001D471 /* SignUp.storyboard in Resources */ = {isa = PBXBuildFile; fileRef = ECCA6D7524EE683A0001D471 /* SignUp.storyboard */; };
		ECCA6D7824EE6A180001D471 /* SignUpController.swift in Sources */ = {isa = PBXBuildFile; fileRef = ECCA6D7724EE6A180001D471 /* SignUpController.swift */; };
		ECCA6D7B24EE8F0C0001D471 /* UserChatCell.swift in Sources */ = {isa = PBXBuildFile; fileRef = ECCA6D7924EE8F0C0001D471 /* UserChatCell.swift */; };
		ECCA6D7C24EE8F0C0001D471 /* UserChatCell.xib in Resources */ = {isa = PBXBuildFile; fileRef = ECCA6D7A24EE8F0C0001D471 /* UserChatCell.xib */; };
		ECCA6D7F24EE8F230001D471 /* BotChatCell.swift in Sources */ = {isa = PBXBuildFile; fileRef = ECCA6D7D24EE8F230001D471 /* BotChatCell.swift */; };
		ECCA6D8024EE8F230001D471 /* BotChatCell.xib in Resources */ = {isa = PBXBuildFile; fileRef = ECCA6D7E24EE8F230001D471 /* BotChatCell.xib */; };
		ECCA6D8224EE915F0001D471 /* Chat.swift in Sources */ = {isa = PBXBuildFile; fileRef = ECCA6D8124EE915F0001D471 /* Chat.swift */; };
		ECCA6D8424EE929E0001D471 /* ChatVM.swift in Sources */ = {isa = PBXBuildFile; fileRef = ECCA6D8324EE929E0001D471 /* ChatVM.swift */; };
/* End PBXBuildFile section */

/* Begin PBXContainerItemProxy section */
		EC96932B24EBC1940077322A /* PBXContainerItemProxy */ = {
			isa = PBXContainerItemProxy;
			containerPortal = EC96930924EBC1900077322A /* Project object */;
			proxyType = 1;
			remoteGlobalIDString = EC96931024EBC1900077322A;
			remoteInfo = ChatApp;
		};
		EC96933624EBC1940077322A /* PBXContainerItemProxy */ = {
			isa = PBXContainerItemProxy;
			containerPortal = EC96930924EBC1900077322A /* Project object */;
			proxyType = 1;
			remoteGlobalIDString = EC96931024EBC1900077322A;
			remoteInfo = ChatApp;
		};
/* End PBXContainerItemProxy section */

/* Begin PBXFileReference section */
		55A61C3B1B81CDC255E0ADBD /* Pods_ChatApp.framework */ = {isa = PBXFileReference; explicitFileType = wrapper.framework; includeInIndex = 0; path = Pods_ChatApp.framework; sourceTree = BUILT_PRODUCTS_DIR; };
		7140DA8EE92A2B832EDDA0A3 /* Pods_ChatAppTests.framework */ = {isa = PBXFileReference; explicitFileType = wrapper.framework; includeInIndex = 0; path = Pods_ChatAppTests.framework; sourceTree = BUILT_PRODUCTS_DIR; };
		85F721D699966F42B0601852 /* Pods-ChatAppTests.debug.xcconfig */ = {isa = PBXFileReference; includeInIndex = 1; lastKnownFileType = text.xcconfig; name = "Pods-ChatAppTests.debug.xcconfig"; path = "Target Support Files/Pods-ChatAppTests/Pods-ChatAppTests.debug.xcconfig"; sourceTree = "<group>"; };
		911818801584F094F50B0002 /* Pods-ChatApp-ChatAppUITests.debug.xcconfig */ = {isa = PBXFileReference; includeInIndex = 1; lastKnownFileType = text.xcconfig; name = "Pods-ChatApp-ChatAppUITests.debug.xcconfig"; path = "Target Support Files/Pods-ChatApp-ChatAppUITests/Pods-ChatApp-ChatAppUITests.debug.xcconfig"; sourceTree = "<group>"; };
		A3D31EC5440792A5A0EFA523 /* Pods_ChatApp_ChatAppUITests.framework */ = {isa = PBXFileReference; explicitFileType = wrapper.framework; includeInIndex = 0; path = Pods_ChatApp_ChatAppUITests.framework; sourceTree = BUILT_PRODUCTS_DIR; };
		C99C18CAC7453C934298D0A2 /* Pods-ChatAppTests.release.xcconfig */ = {isa = PBXFileReference; includeInIndex = 1; lastKnownFileType = text.xcconfig; name = "Pods-ChatAppTests.release.xcconfig"; path = "Target Support Files/Pods-ChatAppTests/Pods-ChatAppTests.release.xcconfig"; sourceTree = "<group>"; };
		DB9B1F49CB7D08BBACBBA516 /* Pods-ChatApp.release.xcconfig */ = {isa = PBXFileReference; includeInIndex = 1; lastKnownFileType = text.xcconfig; name = "Pods-ChatApp.release.xcconfig"; path = "Target Support Files/Pods-ChatApp/Pods-ChatApp.release.xcconfig"; sourceTree = "<group>"; };
		EC96931124EBC1900077322A /* ChatApp.app */ = {isa = PBXFileReference; explicitFileType = wrapper.application; includeInIndex = 0; path = ChatApp.app; sourceTree = BUILT_PRODUCTS_DIR; };
		EC96931424EBC1900077322A /* AppDelegate.swift */ = {isa = PBXFileReference; lastKnownFileType = sourcecode.swift; path = AppDelegate.swift; sourceTree = "<group>"; };
		EC96931824EBC1900077322A /* SignInController.swift */ = {isa = PBXFileReference; lastKnownFileType = sourcecode.swift; path = SignInController.swift; sourceTree = "<group>"; };
		EC96931B24EBC1900077322A /* Base */ = {isa = PBXFileReference; lastKnownFileType = file.storyboard; name = Base; path = Base.lproj/SignIn.storyboard; sourceTree = "<group>"; };
		EC96931E24EBC1900077322A /* ChatApp.xcdatamodel */ = {isa = PBXFileReference; lastKnownFileType = wrapper.xcdatamodel; path = ChatApp.xcdatamodel; sourceTree = "<group>"; };
		EC96932024EBC1940077322A /* Assets.xcassets */ = {isa = PBXFileReference; lastKnownFileType = folder.assetcatalog; path = Assets.xcassets; sourceTree = "<group>"; };
		EC96932324EBC1940077322A /* Base */ = {isa = PBXFileReference; lastKnownFileType = file.storyboard; name = Base; path = Base.lproj/LaunchScreen.storyboard; sourceTree = "<group>"; };
		EC96932524EBC1940077322A /* Info.plist */ = {isa = PBXFileReference; lastKnownFileType = text.plist.xml; path = Info.plist; sourceTree = "<group>"; };
		EC96932A24EBC1940077322A /* ChatAppTests.xctest */ = {isa = PBXFileReference; explicitFileType = wrapper.cfbundle; includeInIndex = 0; path = ChatAppTests.xctest; sourceTree = BUILT_PRODUCTS_DIR; };
		EC96932E24EBC1940077322A /* ChatAppTests.swift */ = {isa = PBXFileReference; lastKnownFileType = sourcecode.swift; path = ChatAppTests.swift; sourceTree = "<group>"; };
		EC96933024EBC1940077322A /* Info.plist */ = {isa = PBXFileReference; lastKnownFileType = text.plist.xml; path = Info.plist; sourceTree = "<group>"; };
		EC96933524EBC1940077322A /* ChatAppUITests.xctest */ = {isa = PBXFileReference; explicitFileType = wrapper.cfbundle; includeInIndex = 0; path = ChatAppUITests.xctest; sourceTree = BUILT_PRODUCTS_DIR; };
		EC96933924EBC1940077322A /* ChatAppUITests.swift */ = {isa = PBXFileReference; lastKnownFileType = sourcecode.swift; path = ChatAppUITests.swift; sourceTree = "<group>"; };
		EC96933B24EBC1940077322A /* Info.plist */ = {isa = PBXFileReference; lastKnownFileType = text.plist.xml; path = Info.plist; sourceTree = "<group>"; };
		EC96934824EBC3840077322A /* UserDefaultsHelper.swift */ = {isa = PBXFileReference; lastKnownFileType = sourcecode.swift; path = UserDefaultsHelper.swift; sourceTree = "<group>"; };
		EC96934B24EBC9DF0077322A /* Main.storyboard */ = {isa = PBXFileReference; lastKnownFileType = file.storyboard; path = Main.storyboard; sourceTree = "<group>"; };
		EC96934D24EBCAC60077322A /* Chat.storyboard */ = {isa = PBXFileReference; lastKnownFileType = file.storyboard; path = Chat.storyboard; sourceTree = "<group>"; };
		EC96934F24EBCAD10077322A /* Profile.storyboard */ = {isa = PBXFileReference; lastKnownFileType = file.storyboard; path = Profile.storyboard; sourceTree = "<group>"; };
		EC96935124EBCADF0077322A /* Filter.storyboard */ = {isa = PBXFileReference; lastKnownFileType = file.storyboard; path = Filter.storyboard; sourceTree = "<group>"; };
		EC96935424EBCD0A0077322A /* FilterController.swift */ = {isa = PBXFileReference; lastKnownFileType = sourcecode.swift; path = FilterController.swift; sourceTree = "<group>"; };
		EC96935624EBCD0C0077322A /* ChatController.swift */ = {isa = PBXFileReference; lastKnownFileType = sourcecode.swift; path = ChatController.swift; sourceTree = "<group>"; };
		EC96935824EBCD0E0077322A /* ProfileController.swift */ = {isa = PBXFileReference; lastKnownFileType = sourcecode.swift; path = ProfileController.swift; sourceTree = "<group>"; };
		EC96935A24EBCD610077322A /* TabController.swift */ = {isa = PBXFileReference; lastKnownFileType = sourcecode.swift; path = TabController.swift; sourceTree = "<group>"; };
		EC96935C24EBDA750077322A /* DesignableHelper.swift */ = {isa = PBXFileReference; lastKnownFileType = sourcecode.swift; path = DesignableHelper.swift; sourceTree = "<group>"; };
		EC96935E24EBDBC10077322A /* Extensions.swift */ = {isa = PBXFileReference; lastKnownFileType = sourcecode.swift; path = Extensions.swift; sourceTree = "<group>"; };
		EC96936024EBDCE80077322A /* ViewControllerExtension.swift */ = {isa = PBXFileReference; lastKnownFileType = sourcecode.swift; path = ViewControllerExtension.swift; sourceTree = "<group>"; };
		EC96936224EBF1350077322A /* SearchCompaniesCell.swift */ = {isa = PBXFileReference; lastKnownFileType = sourcecode.swift; path = SearchCompaniesCell.swift; sourceTree = "<group>"; };
		EC96936324EBF1350077322A /* SearchCompaniesCell.xib */ = {isa = PBXFileReference; lastKnownFileType = file.xib; path = SearchCompaniesCell.xib; sourceTree = "<group>"; };
		ECCA6D5B24EC24060001D471 /* Company.swift */ = {isa = PBXFileReference; lastKnownFileType = sourcecode.swift; path = Company.swift; sourceTree = "<group>"; };
		ECCA6D5F24ECFE920001D471 /* CompaniesVM.swift */ = {isa = PBXFileReference; lastKnownFileType = sourcecode.swift; path = CompaniesVM.swift; sourceTree = "<group>"; };
		ECCA6D6324ED28E20001D471 /* Transaction.swift */ = {isa = PBXFileReference; lastKnownFileType = sourcecode.swift; path = Transaction.swift; sourceTree = "<group>"; };
		ECCA6D6524ED7B090001D471 /* RealmUtils.swift */ = {isa = PBXFileReference; lastKnownFileType = sourcecode.swift; path = RealmUtils.swift; sourceTree = "<group>"; };
		ECCA6D6724ED7CCC0001D471 /* DataUploader.swift */ = {isa = PBXFileReference; lastKnownFileType = sourcecode.swift; path = DataUploader.swift; sourceTree = "<group>"; };
		ECCA6D6924EE54560001D471 /* TransactionsVM.swift */ = {isa = PBXFileReference; lastKnownFileType = sourcecode.swift; path = TransactionsVM.swift; sourceTree = "<group>"; };
		ECCA6D6B24EE54860001D471 /* ProfileVM.swift */ = {isa = PBXFileReference; lastKnownFileType = sourcecode.swift; path = ProfileVM.swift; sourceTree = "<group>"; };
		ECCA6D6D24EE54C60001D471 /* ProfileDetails.swift */ = {isa = PBXFileReference; lastKnownFileType = sourcecode.swift; path = ProfileDetails.swift; sourceTree = "<group>"; };
		ECCA6D6F24EE58330001D471 /* Utils.swift */ = {isa = PBXFileReference; lastKnownFileType = sourcecode.swift; path = Utils.swift; sourceTree = "<group>"; };
		ECCA6D7124EE5EB90001D471 /* TransactionCell.swift */ = {isa = PBXFileReference; lastKnownFileType = sourcecode.swift; path = TransactionCell.swift; sourceTree = "<group>"; };
		ECCA6D7224EE5EB90001D471 /* TransactionCell.xib */ = {isa = PBXFileReference; lastKnownFileType = file.xib; path = TransactionCell.xib; sourceTree = "<group>"; };
		ECCA6D7524EE683A0001D471 /* SignUp.storyboard */ = {isa = PBXFileReference; lastKnownFileType = file.storyboard; path = SignUp.storyboard; sourceTree = "<group>"; };
		ECCA6D7724EE6A180001D471 /* SignUpController.swift */ = {isa = PBXFileReference; lastKnownFileType = sourcecode.swift; path = SignUpController.swift; sourceTree = "<group>"; };
		ECCA6D7924EE8F0C0001D471 /* UserChatCell.swift */ = {isa = PBXFileReference; lastKnownFileType = sourcecode.swift; path = UserChatCell.swift; sourceTree = "<group>"; };
		ECCA6D7A24EE8F0C0001D471 /* UserChatCell.xib */ = {isa = PBXFileReference; lastKnownFileType = file.xib; path = UserChatCell.xib; sourceTree = "<group>"; };
		ECCA6D7D24EE8F230001D471 /* BotChatCell.swift */ = {isa = PBXFileReference; lastKnownFileType = sourcecode.swift; path = BotChatCell.swift; sourceTree = "<group>"; };
		ECCA6D7E24EE8F230001D471 /* BotChatCell.xib */ = {isa = PBXFileReference; lastKnownFileType = file.xib; path = BotChatCell.xib; sourceTree = "<group>"; };
		ECCA6D8124EE915F0001D471 /* Chat.swift */ = {isa = PBXFileReference; lastKnownFileType = sourcecode.swift; path = Chat.swift; sourceTree = "<group>"; };
		ECCA6D8324EE929E0001D471 /* ChatVM.swift */ = {isa = PBXFileReference; lastKnownFileType = sourcecode.swift; path = ChatVM.swift; sourceTree = "<group>"; };
		F8429507CB2E7CCACA94AD55 /* Pods-ChatApp.debug.xcconfig */ = {isa = PBXFileReference; includeInIndex = 1; lastKnownFileType = text.xcconfig; name = "Pods-ChatApp.debug.xcconfig"; path = "Target Support Files/Pods-ChatApp/Pods-ChatApp.debug.xcconfig"; sourceTree = "<group>"; };
		FE2CC839D1FA601219E7BCCF /* Pods-ChatApp-ChatAppUITests.release.xcconfig */ = {isa = PBXFileReference; includeInIndex = 1; lastKnownFileType = text.xcconfig; name = "Pods-ChatApp-ChatAppUITests.release.xcconfig"; path = "Target Support Files/Pods-ChatApp-ChatAppUITests/Pods-ChatApp-ChatAppUITests.release.xcconfig"; sourceTree = "<group>"; };
/* End PBXFileReference section */

/* Begin PBXFrameworksBuildPhase section */
		EC96930E24EBC1900077322A /* Frameworks */ = {
			isa = PBXFrameworksBuildPhase;
			buildActionMask = 2147483647;
			files = (
				D427133F38A84C2D98F35379 /* Pods_ChatApp.framework in Frameworks */,
			);
			runOnlyForDeploymentPostprocessing = 0;
		};
		EC96932724EBC1940077322A /* Frameworks */ = {
			isa = PBXFrameworksBuildPhase;
			buildActionMask = 2147483647;
			files = (
				48D9C8EA8D74724C71930EC7 /* Pods_ChatAppTests.framework in Frameworks */,
			);
			runOnlyForDeploymentPostprocessing = 0;
		};
		EC96933224EBC1940077322A /* Frameworks */ = {
			isa = PBXFrameworksBuildPhase;
			buildActionMask = 2147483647;
			files = (
				A706552B16DDB66BDFFFAEE6 /* Pods_ChatApp_ChatAppUITests.framework in Frameworks */,
			);
			runOnlyForDeploymentPostprocessing = 0;
		};
/* End PBXFrameworksBuildPhase section */

/* Begin PBXGroup section */
		3F5025225D54D9C8C5C9695F /* Pods */ = {
			isa = PBXGroup;
			children = (
				F8429507CB2E7CCACA94AD55 /* Pods-ChatApp.debug.xcconfig */,
				DB9B1F49CB7D08BBACBBA516 /* Pods-ChatApp.release.xcconfig */,
				911818801584F094F50B0002 /* Pods-ChatApp-ChatAppUITests.debug.xcconfig */,
				FE2CC839D1FA601219E7BCCF /* Pods-ChatApp-ChatAppUITests.release.xcconfig */,
				85F721D699966F42B0601852 /* Pods-ChatAppTests.debug.xcconfig */,
				C99C18CAC7453C934298D0A2 /* Pods-ChatAppTests.release.xcconfig */,
			);
			path = Pods;
			sourceTree = "<group>";
		};
		64BF695F67F5FB13FCC04B05 /* Frameworks */ = {
			isa = PBXGroup;
			children = (
				55A61C3B1B81CDC255E0ADBD /* Pods_ChatApp.framework */,
				A3D31EC5440792A5A0EFA523 /* Pods_ChatApp_ChatAppUITests.framework */,
				7140DA8EE92A2B832EDDA0A3 /* Pods_ChatAppTests.framework */,
			);
			name = Frameworks;
			sourceTree = "<group>";
		};
		EC96930824EBC1900077322A = {
			isa = PBXGroup;
			children = (
				EC96931324EBC1900077322A /* ChatApp */,
				EC96932D24EBC1940077322A /* ChatAppTests */,
				EC96933824EBC1940077322A /* ChatAppUITests */,
				EC96931224EBC1900077322A /* Products */,
				3F5025225D54D9C8C5C9695F /* Pods */,
				64BF695F67F5FB13FCC04B05 /* Frameworks */,
			);
			sourceTree = "<group>";
		};
		EC96931224EBC1900077322A /* Products */ = {
			isa = PBXGroup;
			children = (
				EC96931124EBC1900077322A /* ChatApp.app */,
				EC96932A24EBC1940077322A /* ChatAppTests.xctest */,
				EC96933524EBC1940077322A /* ChatAppUITests.xctest */,
			);
			name = Products;
			sourceTree = "<group>";
		};
		EC96931324EBC1900077322A /* ChatApp */ = {
			isa = PBXGroup;
			children = (
				ECCA6D5A24EC130C0001D471 /* Models */,
				EC96936624EBF13A0077322A /* Views */,
				EC96935324EBCCE40077322A /* Controllers */,
				EC96934A24EBC98B0077322A /* UI-Scenes */,
				EC96934724EBC36A0077322A /* Utils */,
				EC96931424EBC1900077322A /* AppDelegate.swift */,
				EC96932024EBC1940077322A /* Assets.xcassets */,
				EC96932524EBC1940077322A /* Info.plist */,
				EC96931D24EBC1900077322A /* ChatApp.xcdatamodeld */,
			);
			path = ChatApp;
			sourceTree = "<group>";
		};
		EC96932D24EBC1940077322A /* ChatAppTests */ = {
			isa = PBXGroup;
			children = (
				EC96932E24EBC1940077322A /* ChatAppTests.swift */,
				EC96933024EBC1940077322A /* Info.plist */,
			);
			path = ChatAppTests;
			sourceTree = "<group>";
		};
		EC96933824EBC1940077322A /* ChatAppUITests */ = {
			isa = PBXGroup;
			children = (
				EC96933924EBC1940077322A /* ChatAppUITests.swift */,
				EC96933B24EBC1940077322A /* Info.plist */,
			);
			path = ChatAppUITests;
			sourceTree = "<group>";
		};
		EC96934724EBC36A0077322A /* Utils */ = {
			isa = PBXGroup;
			children = (
				EC96934824EBC3840077322A /* UserDefaultsHelper.swift */,
				EC96935C24EBDA750077322A /* DesignableHelper.swift */,
				EC96935E24EBDBC10077322A /* Extensions.swift */,
				EC96936024EBDCE80077322A /* ViewControllerExtension.swift */,
				ECCA6D6724ED7CCC0001D471 /* DataUploader.swift */,
				ECCA6D6F24EE58330001D471 /* Utils.swift */,
			);
			path = Utils;
			sourceTree = "<group>";
		};
		EC96934A24EBC98B0077322A /* UI-Scenes */ = {
			isa = PBXGroup;
			children = (
				EC96931A24EBC1900077322A /* SignIn.storyboard */,
				EC96932224EBC1940077322A /* LaunchScreen.storyboard */,
				EC96934B24EBC9DF0077322A /* Main.storyboard */,
				EC96934D24EBCAC60077322A /* Chat.storyboard */,
				EC96934F24EBCAD10077322A /* Profile.storyboard */,
				EC96935124EBCADF0077322A /* Filter.storyboard */,
				EC96936324EBF1350077322A /* SearchCompaniesCell.xib */,
				ECCA6D7224EE5EB90001D471 /* TransactionCell.xib */,
				ECCA6D7524EE683A0001D471 /* SignUp.storyboard */,
				ECCA6D7A24EE8F0C0001D471 /* UserChatCell.xib */,
				ECCA6D7E24EE8F230001D471 /* BotChatCell.xib */,
			);
			path = "UI-Scenes";
			sourceTree = "<group>";
		};
		EC96935324EBCCE40077322A /* Controllers */ = {
			isa = PBXGroup;
			children = (
				EC96935624EBCD0C0077322A /* ChatController.swift */,
				EC96935424EBCD0A0077322A /* FilterController.swift */,
				EC96935824EBCD0E0077322A /* ProfileController.swift */,
				EC96935A24EBCD610077322A /* TabController.swift */,
				EC96931824EBC1900077322A /* SignInController.swift */,
				ECCA6D7724EE6A180001D471 /* SignUpController.swift */,
			);
			path = Controllers;
			sourceTree = "<group>";
		};
		EC96936624EBF13A0077322A /* Views */ = {
			isa = PBXGroup;
			children = (
				EC96936224EBF1350077322A /* SearchCompaniesCell.swift */,
				ECCA6D7924EE8F0C0001D471 /* UserChatCell.swift */,
				ECCA6D7124EE5EB90001D471 /* TransactionCell.swift */,
				ECCA6D7D24EE8F230001D471 /* BotChatCell.swift */,
			);
			path = Views;
			sourceTree = "<group>";
		};
		ECCA6D5A24EC130C0001D471 /* Models */ = {
			isa = PBXGroup;
			children = (
				ECCA6D5B24EC24060001D471 /* Company.swift */,
				ECCA6D6324ED28E20001D471 /* Transaction.swift */,
				ECCA6D6D24EE54C60001D471 /* ProfileDetails.swift */,
				ECCA6D8124EE915F0001D471 /* Chat.swift */,
				ECCA6D5E24ECE6410001D471 /* VM */,
				ECCA6D6524ED7B090001D471 /* RealmUtils.swift */,
			);
			path = Models;
			sourceTree = "<group>";
		};
		ECCA6D5E24ECE6410001D471 /* VM */ = {
			isa = PBXGroup;
			children = (
				ECCA6D5F24ECFE920001D471 /* CompaniesVM.swift */,
				ECCA6D6924EE54560001D471 /* TransactionsVM.swift */,
				ECCA6D6B24EE54860001D471 /* ProfileVM.swift */,
				ECCA6D8324EE929E0001D471 /* ChatVM.swift */,
			);
			path = VM;
			sourceTree = "<group>";
		};
/* End PBXGroup section */

/* Begin PBXNativeTarget section */
		EC96931024EBC1900077322A /* ChatApp */ = {
			isa = PBXNativeTarget;
			buildConfigurationList = EC96933E24EBC1940077322A /* Build configuration list for PBXNativeTarget "ChatApp" */;
			buildPhases = (
				8F43557920D74DF66374A72D /* [CP] Check Pods Manifest.lock */,
				EC96930D24EBC1900077322A /* Sources */,
				EC96930E24EBC1900077322A /* Frameworks */,
				EC96930F24EBC1900077322A /* Resources */,
				E6BDC95661CD3F1B3AC00B38 /* [CP] Embed Pods Frameworks */,
			);
			buildRules = (
			);
			dependencies = (
			);
			name = ChatApp;
			productName = ChatApp;
			productReference = EC96931124EBC1900077322A /* ChatApp.app */;
			productType = "com.apple.product-type.application";
		};
		EC96932924EBC1940077322A /* ChatAppTests */ = {
			isa = PBXNativeTarget;
			buildConfigurationList = EC96934124EBC1940077322A /* Build configuration list for PBXNativeTarget "ChatAppTests" */;
			buildPhases = (
				34C25559C1314DBE0D82E0E0 /* [CP] Check Pods Manifest.lock */,
				EC96932624EBC1940077322A /* Sources */,
				EC96932724EBC1940077322A /* Frameworks */,
				EC96932824EBC1940077322A /* Resources */,
			);
			buildRules = (
			);
			dependencies = (
				EC96932C24EBC1940077322A /* PBXTargetDependency */,
			);
			name = ChatAppTests;
			productName = ChatAppTests;
			productReference = EC96932A24EBC1940077322A /* ChatAppTests.xctest */;
			productType = "com.apple.product-type.bundle.unit-test";
		};
		EC96933424EBC1940077322A /* ChatAppUITests */ = {
			isa = PBXNativeTarget;
			buildConfigurationList = EC96934424EBC1940077322A /* Build configuration list for PBXNativeTarget "ChatAppUITests" */;
			buildPhases = (
				A61B2DD20DED7312B5863508 /* [CP] Check Pods Manifest.lock */,
				EC96933124EBC1940077322A /* Sources */,
				EC96933224EBC1940077322A /* Frameworks */,
				EC96933324EBC1940077322A /* Resources */,
				58878C083850055484CD95F3 /* [CP] Embed Pods Frameworks */,
			);
			buildRules = (
			);
			dependencies = (
				EC96933724EBC1940077322A /* PBXTargetDependency */,
			);
			name = ChatAppUITests;
			productName = ChatAppUITests;
			productReference = EC96933524EBC1940077322A /* ChatAppUITests.xctest */;
			productType = "com.apple.product-type.bundle.ui-testing";
		};
/* End PBXNativeTarget section */

/* Begin PBXProject section */
		EC96930924EBC1900077322A /* Project object */ = {
			isa = PBXProject;
			attributes = {
				LastSwiftUpdateCheck = 1120;
				LastUpgradeCheck = 1120;
				ORGANIZATIONNAME = "Raja Reddy";
				TargetAttributes = {
					EC96931024EBC1900077322A = {
						CreatedOnToolsVersion = 11.2.1;
					};
					EC96932924EBC1940077322A = {
						CreatedOnToolsVersion = 11.2.1;
						TestTargetID = EC96931024EBC1900077322A;
					};
					EC96933424EBC1940077322A = {
						CreatedOnToolsVersion = 11.2.1;
						TestTargetID = EC96931024EBC1900077322A;
					};
				};
			};
			buildConfigurationList = EC96930C24EBC1900077322A /* Build configuration list for PBXProject "ChatApp" */;
			compatibilityVersion = "Xcode 9.3";
			developmentRegion = en;
			hasScannedForEncodings = 0;
			knownRegions = (
				en,
				Base,
			);
			mainGroup = EC96930824EBC1900077322A;
			productRefGroup = EC96931224EBC1900077322A /* Products */;
			projectDirPath = "";
			projectRoot = "";
			targets = (
				EC96931024EBC1900077322A /* ChatApp */,
				EC96932924EBC1940077322A /* ChatAppTests */,
				EC96933424EBC1940077322A /* ChatAppUITests */,
			);
		};
/* End PBXProject section */

/* Begin PBXResourcesBuildPhase section */
		EC96930F24EBC1900077322A /* Resources */ = {
			isa = PBXResourcesBuildPhase;
			buildActionMask = 2147483647;
			files = (
				EC96935024EBCAD10077322A /* Profile.storyboard in Resources */,
				ECCA6D8024EE8F230001D471 /* BotChatCell.xib in Resources */,
				EC96935224EBCADF0077322A /* Filter.storyboard in Resources */,
				ECCA6D7424EE5EB90001D471 /* TransactionCell.xib in Resources */,
				EC96932424EBC1940077322A /* LaunchScreen.storyboard in Resources */,
				ECCA6D7624EE683A0001D471 /* SignUp.storyboard in Resources */,
				EC96932124EBC1940077322A /* Assets.xcassets in Resources */,
				ECCA6D7C24EE8F0C0001D471 /* UserChatCell.xib in Resources */,
				EC96931C24EBC1900077322A /* SignIn.storyboard in Resources */,
				EC96936524EBF1350077322A /* SearchCompaniesCell.xib in Resources */,
				EC96934E24EBCAC60077322A /* Chat.storyboard in Resources */,
				EC96934C24EBC9DF0077322A /* Main.storyboard in Resources */,
			);
			runOnlyForDeploymentPostprocessing = 0;
		};
		EC96932824EBC1940077322A /* Resources */ = {
			isa = PBXResourcesBuildPhase;
			buildActionMask = 2147483647;
			files = (
			);
			runOnlyForDeploymentPostprocessing = 0;
		};
		EC96933324EBC1940077322A /* Resources */ = {
			isa = PBXResourcesBuildPhase;
			buildActionMask = 2147483647;
			files = (
			);
			runOnlyForDeploymentPostprocessing = 0;
		};
/* End PBXResourcesBuildPhase section */

/* Begin PBXShellScriptBuildPhase section */
		34C25559C1314DBE0D82E0E0 /* [CP] Check Pods Manifest.lock */ = {
			isa = PBXShellScriptBuildPhase;
			buildActionMask = 2147483647;
			files = (
			);
			inputFileListPaths = (
			);
			inputPaths = (
				"${PODS_PODFILE_DIR_PATH}/Podfile.lock",
				"${PODS_ROOT}/Manifest.lock",
			);
			name = "[CP] Check Pods Manifest.lock";
			outputFileListPaths = (
			);
			outputPaths = (
				"$(DERIVED_FILE_DIR)/Pods-ChatAppTests-checkManifestLockResult.txt",
			);
			runOnlyForDeploymentPostprocessing = 0;
			shellPath = /bin/sh;
			shellScript = "diff \"${PODS_PODFILE_DIR_PATH}/Podfile.lock\" \"${PODS_ROOT}/Manifest.lock\" > /dev/null\nif [ $? != 0 ] ; then\n    # print error to STDERR\n    echo \"error: The sandbox is not in sync with the Podfile.lock. Run 'pod install' or update your CocoaPods installation.\" >&2\n    exit 1\nfi\n# This output is used by Xcode 'outputs' to avoid re-running this script phase.\necho \"SUCCESS\" > \"${SCRIPT_OUTPUT_FILE_0}\"\n";
			showEnvVarsInLog = 0;
		};
		58878C083850055484CD95F3 /* [CP] Embed Pods Frameworks */ = {
			isa = PBXShellScriptBuildPhase;
			buildActionMask = 2147483647;
			files = (
			);
			inputFileListPaths = (
				"${PODS_ROOT}/Target Support Files/Pods-ChatApp-ChatAppUITests/Pods-ChatApp-ChatAppUITests-frameworks-${CONFIGURATION}-input-files.xcfilelist",
			);
			name = "[CP] Embed Pods Frameworks";
			outputFileListPaths = (
				"${PODS_ROOT}/Target Support Files/Pods-ChatApp-ChatAppUITests/Pods-ChatApp-ChatAppUITests-frameworks-${CONFIGURATION}-output-files.xcfilelist",
			);
			runOnlyForDeploymentPostprocessing = 0;
			shellPath = /bin/sh;
			shellScript = "\"${PODS_ROOT}/Target Support Files/Pods-ChatApp-ChatAppUITests/Pods-ChatApp-ChatAppUITests-frameworks.sh\"\n";
			showEnvVarsInLog = 0;
		};
		8F43557920D74DF66374A72D /* [CP] Check Pods Manifest.lock */ = {
			isa = PBXShellScriptBuildPhase;
			buildActionMask = 2147483647;
			files = (
			);
			inputFileListPaths = (
			);
			inputPaths = (
				"${PODS_PODFILE_DIR_PATH}/Podfile.lock",
				"${PODS_ROOT}/Manifest.lock",
			);
			name = "[CP] Check Pods Manifest.lock";
			outputFileListPaths = (
			);
			outputPaths = (
				"$(DERIVED_FILE_DIR)/Pods-ChatApp-checkManifestLockResult.txt",
			);
			runOnlyForDeploymentPostprocessing = 0;
			shellPath = /bin/sh;
			shellScript = "diff \"${PODS_PODFILE_DIR_PATH}/Podfile.lock\" \"${PODS_ROOT}/Manifest.lock\" > /dev/null\nif [ $? != 0 ] ; then\n    # print error to STDERR\n    echo \"error: The sandbox is not in sync with the Podfile.lock. Run 'pod install' or update your CocoaPods installation.\" >&2\n    exit 1\nfi\n# This output is used by Xcode 'outputs' to avoid re-running this script phase.\necho \"SUCCESS\" > \"${SCRIPT_OUTPUT_FILE_0}\"\n";
			showEnvVarsInLog = 0;
		};
		A61B2DD20DED7312B5863508 /* [CP] Check Pods Manifest.lock */ = {
			isa = PBXShellScriptBuildPhase;
			buildActionMask = 2147483647;
			files = (
			);
			inputFileListPaths = (
			);
			inputPaths = (
				"${PODS_PODFILE_DIR_PATH}/Podfile.lock",
				"${PODS_ROOT}/Manifest.lock",
			);
			name = "[CP] Check Pods Manifest.lock";
			outputFileListPaths = (
			);
			outputPaths = (
				"$(DERIVED_FILE_DIR)/Pods-ChatApp-ChatAppUITests-checkManifestLockResult.txt",
			);
			runOnlyForDeploymentPostprocessing = 0;
			shellPath = /bin/sh;
			shellScript = "diff \"${PODS_PODFILE_DIR_PATH}/Podfile.lock\" \"${PODS_ROOT}/Manifest.lock\" > /dev/null\nif [ $? != 0 ] ; then\n    # print error to STDERR\n    echo \"error: The sandbox is not in sync with the Podfile.lock. Run 'pod install' or update your CocoaPods installation.\" >&2\n    exit 1\nfi\n# This output is used by Xcode 'outputs' to avoid re-running this script phase.\necho \"SUCCESS\" > \"${SCRIPT_OUTPUT_FILE_0}\"\n";
			showEnvVarsInLog = 0;
		};
		E6BDC95661CD3F1B3AC00B38 /* [CP] Embed Pods Frameworks */ = {
			isa = PBXShellScriptBuildPhase;
			buildActionMask = 2147483647;
			files = (
			);
			inputFileListPaths = (
				"${PODS_ROOT}/Target Support Files/Pods-ChatApp/Pods-ChatApp-frameworks-${CONFIGURATION}-input-files.xcfilelist",
			);
			name = "[CP] Embed Pods Frameworks";
			outputFileListPaths = (
				"${PODS_ROOT}/Target Support Files/Pods-ChatApp/Pods-ChatApp-frameworks-${CONFIGURATION}-output-files.xcfilelist",
			);
			runOnlyForDeploymentPostprocessing = 0;
			shellPath = /bin/sh;
			shellScript = "\"${PODS_ROOT}/Target Support Files/Pods-ChatApp/Pods-ChatApp-frameworks.sh\"\n";
			showEnvVarsInLog = 0;
		};
/* End PBXShellScriptBuildPhase section */

/* Begin PBXSourcesBuildPhase section */
		EC96930D24EBC1900077322A /* Sources */ = {
			isa = PBXSourcesBuildPhase;
			buildActionMask = 2147483647;
			files = (
				EC96931924EBC1900077322A /* SignInController.swift in Sources */,
				ECCA6D6C24EE54860001D471 /* ProfileVM.swift in Sources */,
				EC96931F24EBC1900077322A /* ChatApp.xcdatamodeld in Sources */,
				ECCA6D6424ED28E20001D471 /* Transaction.swift in Sources */,
				EC96934924EBC3840077322A /* UserDefaultsHelper.swift in Sources */,
				EC96935524EBCD0A0077322A /* FilterController.swift in Sources */,
				EC96935D24EBDA750077322A /* DesignableHelper.swift in Sources */,
				ECCA6D7024EE58330001D471 /* Utils.swift in Sources */,
				ECCA6D6E24EE54C60001D471 /* ProfileDetails.swift in Sources */,
				EC96936424EBF1350077322A /* SearchCompaniesCell.swift in Sources */,
				EC96935F24EBDBC10077322A /* Extensions.swift in Sources */,
				EC96931524EBC1900077322A /* AppDelegate.swift in Sources */,
				ECCA6D7824EE6A180001D471 /* SignUpController.swift in Sources */,
				ECCA6D8224EE915F0001D471 /* Chat.swift in Sources */,
				ECCA6D7324EE5EB90001D471 /* TransactionCell.swift in Sources */,
				ECCA6D7F24EE8F230001D471 /* BotChatCell.swift in Sources */,
				EC96936124EBDCE80077322A /* ViewControllerExtension.swift in Sources */,
				EC96935B24EBCD610077322A /* TabController.swift in Sources */,
				ECCA6D8424EE929E0001D471 /* ChatVM.swift in Sources */,
				ECCA6D6024ECFE920001D471 /* CompaniesVM.swift in Sources */,
				ECCA6D6A24EE54560001D471 /* TransactionsVM.swift in Sources */,
				EC96935924EBCD0E0077322A /* ProfileController.swift in Sources */,
				ECCA6D5C24EC24060001D471 /* Company.swift in Sources */,
				ECCA6D7B24EE8F0C0001D471 /* UserChatCell.swift in Sources */,
				ECCA6D6824ED7CCC0001D471 /* DataUploader.swift in Sources */,
				ECCA6D6624ED7B090001D471 /* RealmUtils.swift in Sources */,
				EC96935724EBCD0C0077322A /* ChatController.swift in Sources */,
			);
			runOnlyForDeploymentPostprocessing = 0;
		};
		EC96932624EBC1940077322A /* Sources */ = {
			isa = PBXSourcesBuildPhase;
			buildActionMask = 2147483647;
			files = (
				EC96932F24EBC1940077322A /* ChatAppTests.swift in Sources */,
			);
			runOnlyForDeploymentPostprocessing = 0;
		};
		EC96933124EBC1940077322A /* Sources */ = {
			isa = PBXSourcesBuildPhase;
			buildActionMask = 2147483647;
			files = (
				EC96933A24EBC1940077322A /* ChatAppUITests.swift in Sources */,
			);
			runOnlyForDeploymentPostprocessing = 0;
		};
/* End PBXSourcesBuildPhase section */

/* Begin PBXTargetDependency section */
		EC96932C24EBC1940077322A /* PBXTargetDependency */ = {
			isa = PBXTargetDependency;
			target = EC96931024EBC1900077322A /* ChatApp */;
			targetProxy = EC96932B24EBC1940077322A /* PBXContainerItemProxy */;
		};
		EC96933724EBC1940077322A /* PBXTargetDependency */ = {
			isa = PBXTargetDependency;
			target = EC96931024EBC1900077322A /* ChatApp */;
			targetProxy = EC96933624EBC1940077322A /* PBXContainerItemProxy */;
		};
/* End PBXTargetDependency section */

/* Begin PBXVariantGroup section */
		EC96931A24EBC1900077322A /* SignIn.storyboard */ = {
			isa = PBXVariantGroup;
			children = (
				EC96931B24EBC1900077322A /* Base */,
			);
			name = SignIn.storyboard;
			sourceTree = "<group>";
		};
		EC96932224EBC1940077322A /* LaunchScreen.storyboard */ = {
			isa = PBXVariantGroup;
			children = (
				EC96932324EBC1940077322A /* Base */,
			);
			name = LaunchScreen.storyboard;
			sourceTree = "<group>";
		};
/* End PBXVariantGroup section */

/* Begin XCBuildConfiguration section */
		EC96933C24EBC1940077322A /* Debug */ = {
			isa = XCBuildConfiguration;
			buildSettings = {
				ALWAYS_SEARCH_USER_PATHS = NO;
				CLANG_ANALYZER_NONNULL = YES;
				CLANG_ANALYZER_NUMBER_OBJECT_CONVERSION = YES_AGGRESSIVE;
				CLANG_CXX_LANGUAGE_STANDARD = "gnu++14";
				CLANG_CXX_LIBRARY = "libc++";
				CLANG_ENABLE_MODULES = YES;
				CLANG_ENABLE_OBJC_ARC = YES;
				CLANG_ENABLE_OBJC_WEAK = YES;
				CLANG_WARN_BLOCK_CAPTURE_AUTORELEASING = YES;
				CLANG_WARN_BOOL_CONVERSION = YES;
				CLANG_WARN_COMMA = YES;
				CLANG_WARN_CONSTANT_CONVERSION = YES;
				CLANG_WARN_DEPRECATED_OBJC_IMPLEMENTATIONS = YES;
				CLANG_WARN_DIRECT_OBJC_ISA_USAGE = YES_ERROR;
				CLANG_WARN_DOCUMENTATION_COMMENTS = YES;
				CLANG_WARN_EMPTY_BODY = YES;
				CLANG_WARN_ENUM_CONVERSION = YES;
				CLANG_WARN_INFINITE_RECURSION = YES;
				CLANG_WARN_INT_CONVERSION = YES;
				CLANG_WARN_NON_LITERAL_NULL_CONVERSION = YES;
				CLANG_WARN_OBJC_IMPLICIT_RETAIN_SELF = YES;
				CLANG_WARN_OBJC_LITERAL_CONVERSION = YES;
				CLANG_WARN_OBJC_ROOT_CLASS = YES_ERROR;
				CLANG_WARN_RANGE_LOOP_ANALYSIS = YES;
				CLANG_WARN_STRICT_PROTOTYPES = YES;
				CLANG_WARN_SUSPICIOUS_MOVE = YES;
				CLANG_WARN_UNGUARDED_AVAILABILITY = YES_AGGRESSIVE;
				CLANG_WARN_UNREACHABLE_CODE = YES;
				CLANG_WARN__DUPLICATE_METHOD_MATCH = YES;
				COPY_PHASE_STRIP = NO;
				DEBUG_INFORMATION_FORMAT = dwarf;
				ENABLE_STRICT_OBJC_MSGSEND = YES;
				ENABLE_TESTABILITY = YES;
				GCC_C_LANGUAGE_STANDARD = gnu11;
				GCC_DYNAMIC_NO_PIC = NO;
				GCC_NO_COMMON_BLOCKS = YES;
				GCC_OPTIMIZATION_LEVEL = 0;
				GCC_PREPROCESSOR_DEFINITIONS = (
					"DEBUG=1",
					"$(inherited)",
				);
				GCC_WARN_64_TO_32_BIT_CONVERSION = YES;
				GCC_WARN_ABOUT_RETURN_TYPE = YES_ERROR;
				GCC_WARN_UNDECLARED_SELECTOR = YES;
				GCC_WARN_UNINITIALIZED_AUTOS = YES_AGGRESSIVE;
				GCC_WARN_UNUSED_FUNCTION = YES;
				GCC_WARN_UNUSED_VARIABLE = YES;
				IPHONEOS_DEPLOYMENT_TARGET = 10.0;
				MTL_ENABLE_DEBUG_INFO = INCLUDE_SOURCE;
				MTL_FAST_MATH = YES;
				ONLY_ACTIVE_ARCH = YES;
				SDKROOT = iphoneos;
				SWIFT_ACTIVE_COMPILATION_CONDITIONS = DEBUG;
				SWIFT_OPTIMIZATION_LEVEL = "-Onone";
			};
			name = Debug;
		};
		EC96933D24EBC1940077322A /* Release */ = {
			isa = XCBuildConfiguration;
			buildSettings = {
				ALWAYS_SEARCH_USER_PATHS = NO;
				CLANG_ANALYZER_NONNULL = YES;
				CLANG_ANALYZER_NUMBER_OBJECT_CONVERSION = YES_AGGRESSIVE;
				CLANG_CXX_LANGUAGE_STANDARD = "gnu++14";
				CLANG_CXX_LIBRARY = "libc++";
				CLANG_ENABLE_MODULES = YES;
				CLANG_ENABLE_OBJC_ARC = YES;
				CLANG_ENABLE_OBJC_WEAK = YES;
				CLANG_WARN_BLOCK_CAPTURE_AUTORELEASING = YES;
				CLANG_WARN_BOOL_CONVERSION = YES;
				CLANG_WARN_COMMA = YES;
				CLANG_WARN_CONSTANT_CONVERSION = YES;
				CLANG_WARN_DEPRECATED_OBJC_IMPLEMENTATIONS = YES;
				CLANG_WARN_DIRECT_OBJC_ISA_USAGE = YES_ERROR;
				CLANG_WARN_DOCUMENTATION_COMMENTS = YES;
				CLANG_WARN_EMPTY_BODY = YES;
				CLANG_WARN_ENUM_CONVERSION = YES;
				CLANG_WARN_INFINITE_RECURSION = YES;
				CLANG_WARN_INT_CONVERSION = YES;
				CLANG_WARN_NON_LITERAL_NULL_CONVERSION = YES;
				CLANG_WARN_OBJC_IMPLICIT_RETAIN_SELF = YES;
				CLANG_WARN_OBJC_LITERAL_CONVERSION = YES;
				CLANG_WARN_OBJC_ROOT_CLASS = YES_ERROR;
				CLANG_WARN_RANGE_LOOP_ANALYSIS = YES;
				CLANG_WARN_STRICT_PROTOTYPES = YES;
				CLANG_WARN_SUSPICIOUS_MOVE = YES;
				CLANG_WARN_UNGUARDED_AVAILABILITY = YES_AGGRESSIVE;
				CLANG_WARN_UNREACHABLE_CODE = YES;
				CLANG_WARN__DUPLICATE_METHOD_MATCH = YES;
				COPY_PHASE_STRIP = NO;
				DEBUG_INFORMATION_FORMAT = "dwarf-with-dsym";
				ENABLE_NS_ASSERTIONS = NO;
				ENABLE_STRICT_OBJC_MSGSEND = YES;
				GCC_C_LANGUAGE_STANDARD = gnu11;
				GCC_NO_COMMON_BLOCKS = YES;
				GCC_WARN_64_TO_32_BIT_CONVERSION = YES;
				GCC_WARN_ABOUT_RETURN_TYPE = YES_ERROR;
				GCC_WARN_UNDECLARED_SELECTOR = YES;
				GCC_WARN_UNINITIALIZED_AUTOS = YES_AGGRESSIVE;
				GCC_WARN_UNUSED_FUNCTION = YES;
				GCC_WARN_UNUSED_VARIABLE = YES;
				IPHONEOS_DEPLOYMENT_TARGET = 10.0;
				MTL_ENABLE_DEBUG_INFO = NO;
				MTL_FAST_MATH = YES;
				SDKROOT = iphoneos;
				SWIFT_COMPILATION_MODE = wholemodule;
				SWIFT_OPTIMIZATION_LEVEL = "-O";
				VALIDATE_PRODUCT = YES;
			};
			name = Release;
		};
		EC96933F24EBC1940077322A /* Debug */ = {
			isa = XCBuildConfiguration;
			baseConfigurationReference = F8429507CB2E7CCACA94AD55 /* Pods-ChatApp.debug.xcconfig */;
			buildSettings = {
				ASSETCATALOG_COMPILER_APPICON_NAME = AppIcon;
				CODE_SIGN_STYLE = Automatic;
				DEVELOPMENT_TEAM = C96A627N96;
				INFOPLIST_FILE = ChatApp/Info.plist;
				IPHONEOS_DEPLOYMENT_TARGET = 10.0;
				LD_RUNPATH_SEARCH_PATHS = (
					"$(inherited)",
					"@executable_path/Frameworks",
				);
				PRODUCT_BUNDLE_IDENTIFIER = com.cogcons.ChatApp;
				PRODUCT_NAME = "$(TARGET_NAME)";
				SWIFT_VERSION = 5.0;
				TARGETED_DEVICE_FAMILY = "1,2";
			};
			name = Debug;
		};
		EC96934024EBC1940077322A /* Release */ = {
			isa = XCBuildConfiguration;
			baseConfigurationReference = DB9B1F49CB7D08BBACBBA516 /* Pods-ChatApp.release.xcconfig */;
			buildSettings = {
				ASSETCATALOG_COMPILER_APPICON_NAME = AppIcon;
				CODE_SIGN_STYLE = Automatic;
				DEVELOPMENT_TEAM = C96A627N96;
				INFOPLIST_FILE = ChatApp/Info.plist;
				IPHONEOS_DEPLOYMENT_TARGET = 10.0;
				LD_RUNPATH_SEARCH_PATHS = (
					"$(inherited)",
					"@executable_path/Frameworks",
				);
				PRODUCT_BUNDLE_IDENTIFIER = com.cogcons.ChatApp;
				PRODUCT_NAME = "$(TARGET_NAME)";
				SWIFT_VERSION = 5.0;
				TARGETED_DEVICE_FAMILY = "1,2";
			};
			name = Release;
		};
		EC96934224EBC1940077322A /* Debug */ = {
			isa = XCBuildConfiguration;
			baseConfigurationReference = 85F721D699966F42B0601852 /* Pods-ChatAppTests.debug.xcconfig */;
			buildSettings = {
				ALWAYS_EMBED_SWIFT_STANDARD_LIBRARIES = YES;
				BUNDLE_LOADER = "$(TEST_HOST)";
				CODE_SIGN_STYLE = Automatic;
				DEVELOPMENT_TEAM = C96A627N96;
				INFOPLIST_FILE = ChatAppTests/Info.plist;
				IPHONEOS_DEPLOYMENT_TARGET = 13.2;
				LD_RUNPATH_SEARCH_PATHS = (
					"$(inherited)",
					"@executable_path/Frameworks",
					"@loader_path/Frameworks",
				);
				PRODUCT_BUNDLE_IDENTIFIER = com.cogcons.ChatAppTests;
				PRODUCT_NAME = "$(TARGET_NAME)";
				SWIFT_VERSION = 5.0;
				TARGETED_DEVICE_FAMILY = "1,2";
				TEST_HOST = "$(BUILT_PRODUCTS_DIR)/ChatApp.app/ChatApp";
			};
			name = Debug;
		};
		EC96934324EBC1940077322A /* Release */ = {
			isa = XCBuildConfiguration;
			baseConfigurationReference = C99C18CAC7453C934298D0A2 /* Pods-ChatAppTests.release.xcconfig */;
			buildSettings = {
				ALWAYS_EMBED_SWIFT_STANDARD_LIBRARIES = YES;
				BUNDLE_LOADER = "$(TEST_HOST)";
				CODE_SIGN_STYLE = Automatic;
				DEVELOPMENT_TEAM = C96A627N96;
				INFOPLIST_FILE = ChatAppTests/Info.plist;
				IPHONEOS_DEPLOYMENT_TARGET = 13.2;
				LD_RUNPATH_SEARCH_PATHS = (
					"$(inherited)",
					"@executable_path/Frameworks",
					"@loader_path/Frameworks",
				);
				PRODUCT_BUNDLE_IDENTIFIER = com.cogcons.ChatAppTests;
				PRODUCT_NAME = "$(TARGET_NAME)";
				SWIFT_VERSION = 5.0;
				TARGETED_DEVICE_FAMILY = "1,2";
				TEST_HOST = "$(BUILT_PRODUCTS_DIR)/ChatApp.app/ChatApp";
			};
			name = Release;
		};
		EC96934524EBC1940077322A /* Debug */ = {
			isa = XCBuildConfiguration;
			baseConfigurationReference = 911818801584F094F50B0002 /* Pods-ChatApp-ChatAppUITests.debug.xcconfig */;
			buildSettings = {
				ALWAYS_EMBED_SWIFT_STANDARD_LIBRARIES = YES;
				CODE_SIGN_STYLE = Automatic;
				DEVELOPMENT_TEAM = C96A627N96;
				INFOPLIST_FILE = ChatAppUITests/Info.plist;
				LD_RUNPATH_SEARCH_PATHS = (
					"$(inherited)",
					"@executable_path/Frameworks",
					"@loader_path/Frameworks",
				);
				PRODUCT_BUNDLE_IDENTIFIER = com.cogcons.ChatAppUITests;
				PRODUCT_NAME = "$(TARGET_NAME)";
				SWIFT_VERSION = 5.0;
				TARGETED_DEVICE_FAMILY = "1,2";
				TEST_TARGET_NAME = ChatApp;
			};
			name = Debug;
		};
		EC96934624EBC1940077322A /* Release */ = {
			isa = XCBuildConfiguration;
			baseConfigurationReference = FE2CC839D1FA601219E7BCCF /* Pods-ChatApp-ChatAppUITests.release.xcconfig */;
			buildSettings = {
				ALWAYS_EMBED_SWIFT_STANDARD_LIBRARIES = YES;
				CODE_SIGN_STYLE = Automatic;
				DEVELOPMENT_TEAM = C96A627N96;
				INFOPLIST_FILE = ChatAppUITests/Info.plist;
				LD_RUNPATH_SEARCH_PATHS = (
					"$(inherited)",
					"@executable_path/Frameworks",
					"@loader_path/Frameworks",
				);
				PRODUCT_BUNDLE_IDENTIFIER = com.cogcons.ChatAppUITests;
				PRODUCT_NAME = "$(TARGET_NAME)";
				SWIFT_VERSION = 5.0;
				TARGETED_DEVICE_FAMILY = "1,2";
				TEST_TARGET_NAME = ChatApp;
			};
			name = Release;
		};
/* End XCBuildConfiguration section */

/* Begin XCConfigurationList section */
		EC96930C24EBC1900077322A /* Build configuration list for PBXProject "ChatApp" */ = {
			isa = XCConfigurationList;
			buildConfigurations = (
				EC96933C24EBC1940077322A /* Debug */,
				EC96933D24EBC1940077322A /* Release */,
			);
			defaultConfigurationIsVisible = 0;
			defaultConfigurationName = Release;
		};
		EC96933E24EBC1940077322A /* Build configuration list for PBXNativeTarget "ChatApp" */ = {
			isa = XCConfigurationList;
			buildConfigurations = (
				EC96933F24EBC1940077322A /* Debug */,
				EC96934024EBC1940077322A /* Release */,
			);
			defaultConfigurationIsVisible = 0;
			defaultConfigurationName = Release;
		};
		EC96934124EBC1940077322A /* Build configuration list for PBXNativeTarget "ChatAppTests" */ = {
			isa = XCConfigurationList;
			buildConfigurations = (
				EC96934224EBC1940077322A /* Debug */,
				EC96934324EBC1940077322A /* Release */,
			);
			defaultConfigurationIsVisible = 0;
			defaultConfigurationName = Release;
		};
		EC96934424EBC1940077322A /* Build configuration list for PBXNativeTarget "ChatAppUITests" */ = {
			isa = XCConfigurationList;
			buildConfigurations = (
				EC96934524EBC1940077322A /* Debug */,
				EC96934624EBC1940077322A /* Release */,
			);
			defaultConfigurationIsVisible = 0;
			defaultConfigurationName = Release;
		};
/* End XCConfigurationList section */

/* Begin XCVersionGroup section */
		EC96931D24EBC1900077322A /* ChatApp.xcdatamodeld */ = {
			isa = XCVersionGroup;
			children = (
				EC96931E24EBC1900077322A /* ChatApp.xcdatamodel */,
			);
			currentVersion = EC96931E24EBC1900077322A /* ChatApp.xcdatamodel */;
			path = ChatApp.xcdatamodeld;
			sourceTree = "<group>";
			versionGroupType = wrapper.xcdatamodel;
		};
/* End XCVersionGroup section */
	};
	rootObject = EC96930924EBC1900077322A /* Project object */;
}
